
Microsoft Visual Studio Solution File, Format Version 12.00
# Visual Studio 2012
Project("{FAE04EC0-301F-11D3-BF4B-00C04F79EFBC}") = "Library", "Library\Library.csproj", "{642C89B1-CDC9-4FF6-945E-613BFF20FCC4}"
EndProject
Project("{FAE04EC0-301F-11D3-BF4B-00C04F79EFBC}") = "TestingConsoleApp", "TestingConsoleApp\TestingConsoleApp.csproj", "{9907DA57-D8FC-4DDB-9DDC-A484EEB5F482}"
EndProject
Global
	GlobalSection(SolutionConfigurationPlatforms) = preSolution
		Debug|Any CPU = Debug|Any CPU
		Release|Any CPU = Release|Any CPU
	EndGlobalSection
	GlobalSection(ProjectConfigurationPlatforms) = postSolution
		{642C89B1-CDC9-4FF6-945E-613BFF20FCC4}.Debug|Any CPU.ActiveCfg = Debug|Any CPU
		{642C89B1-CDC9-4FF6-945E-613BFF20FCC4}.Debug|Any CPU.Build.0 = Debug|Any CPU
		{642C89B1-CDC9-4FF6-945E-613BFF20FCC4}.Release|Any CPU.ActiveCfg = Release|Any CPU
		{642C89B1-CDC9-4FF6-945E-613BFF20FCC4}.Release|Any CPU.Build.0 = Release|Any CPU
		{9907DA57-D8FC-4DDB-9DDC-A484EEB5F482}.Debug|Any CPU.ActiveCfg = Debug|Any CPU
		{9907DA57-D8FC-4DDB-9DDC-A484EEB5F482}.Debug|Any CPU.Build.0 = Debug|Any CPU
		{9907DA57-D8FC-4DDB-9DDC-A484EEB5F482}.Release|Any CPU.ActiveCfg = Release|Any CPU
		{9907DA57-D8FC-4DDB-9DDC-A484EEB5F482}.Release|Any CPU.Build.0 = Release|Any CPU
	EndGlobalSection
	GlobalSection(SolutionProperties) = preSolution
		HideSolutionNode = FALSE
	EndGlobalSection
EndGlobal
