
Microsoft Visual Studio Solution File, Format Version 12.00
# Visual Studio 2013
VisualStudioVersion = 12.0.20827.3
MinimumVisualStudioVersion = 10.0.40219.1
Project("{FAE04EC0-301F-11D3-BF4B-00C04F79EFBC}") = "Twitter.App", "Twitter.App\Twitter.App.csproj", "{716FDA6B-1E49-46D1-B7B9-89B525C2CBEA}"
EndProject
Project("{FAE04EC0-301F-11D3-BF4B-00C04F79EFBC}") = "Twitter.Models", "Twitter.Models\Twitter.Models.csproj", "{369517F3-F46D-42C9-B9BB-B870F3A74699}"
EndProject
Project("{FAE04EC0-301F-11D3-BF4B-00C04F79EFBC}") = "Twitter.Data", "Twitter.Data\Twitter.Data.csproj", "{B70DBDCC-1240-485D-B7AF-F12BFEBCCC10}"
EndProject
Project("{2150E333-8FDC-42A3-9474-1A3956D46DE8}") = ".nuget", ".nuget", "{1234D78D-619C-44E3-AFE3-08C915730F3F}"
	ProjectSection(SolutionItems) = preProject
		.nuget\NuGet.Config = .nuget\NuGet.Config
		.nuget\NuGet.exe = .nuget\NuGet.exe
		.nuget\NuGet.targets = .nuget\NuGet.targets
	EndProjectSection
EndProject
Global
	GlobalSection(SolutionConfigurationPlatforms) = preSolution
		Debug|Any CPU = Debug|Any CPU
		Release|Any CPU = Release|Any CPU
	EndGlobalSection
	GlobalSection(ProjectConfigurationPlatforms) = postSolution
		{716FDA6B-1E49-46D1-B7B9-89B525C2CBEA}.Debug|Any CPU.ActiveCfg = Debug|Any CPU
		{716FDA6B-1E49-46D1-B7B9-89B525C2CBEA}.Debug|Any CPU.Build.0 = Debug|Any CPU
		{716FDA6B-1E49-46D1-B7B9-89B525C2CBEA}.Release|Any CPU.ActiveCfg = Release|Any CPU
		{716FDA6B-1E49-46D1-B7B9-89B525C2CBEA}.Release|Any CPU.Build.0 = Release|Any CPU
		{369517F3-F46D-42C9-B9BB-B870F3A74699}.Debug|Any CPU.ActiveCfg = Debug|Any CPU
		{369517F3-F46D-42C9-B9BB-B870F3A74699}.Debug|Any CPU.Build.0 = Debug|Any CPU
		{369517F3-F46D-42C9-B9BB-B870F3A74699}.Release|Any CPU.ActiveCfg = Release|Any CPU
		{369517F3-F46D-42C9-B9BB-B870F3A74699}.Release|Any CPU.Build.0 = Release|Any CPU
		{B70DBDCC-1240-485D-B7AF-F12BFEBCCC10}.Debug|Any CPU.ActiveCfg = Debug|Any CPU
		{B70DBDCC-1240-485D-B7AF-F12BFEBCCC10}.Debug|Any CPU.Build.0 = Debug|Any CPU
		{B70DBDCC-1240-485D-B7AF-F12BFEBCCC10}.Release|Any CPU.ActiveCfg = Release|Any CPU
		{B70DBDCC-1240-485D-B7AF-F12BFEBCCC10}.Release|Any CPU.Build.0 = Release|Any CPU
	EndGlobalSection
	GlobalSection(SolutionProperties) = preSolution
		HideSolutionNode = FALSE
	EndGlobalSection
EndGlobal
