
Microsoft Visual Studio Solution File, Format Version 12.00
# Visual Studio 2013
VisualStudioVersion = 12.0.20827.3
MinimumVisualStudioVersion = 10.0.40219.1
Project("{FAE04EC0-301F-11D3-BF4B-00C04F79EFBC}") = "01.NorthwindGrids", "01.NorthwindGrids\01.NorthwindGrids.csproj", "{2ECACE29-5199-4500-BFC2-DC69C785F940}"
EndProject
Project("{FAE04EC0-301F-11D3-BF4B-00C04F79EFBC}") = "02.ChatCodeFirst", "02.ChatCodeFirst\02.ChatCodeFirst.csproj", "{94B3367A-4156-40C0-AB5D-850D4A7A3BEB}"
EndProject
Project("{FAE04EC0-301F-11D3-BF4B-00C04F79EFBC}") = "02.ChatApp", "02.ChatApp\02.ChatApp.csproj", "{0464CDA5-CDBC-41EB-A314-FA79D0E5B20B}"
EndProject
Project("{FAE04EC0-301F-11D3-BF4B-00C04F79EFBC}") = "03.PhotoAlbum", "03.PhotoAlbum\03.PhotoAlbum.csproj", "{3B293D48-2681-454E-BD93-AA28D988E215}"
EndProject
Global
	GlobalSection(SolutionConfigurationPlatforms) = preSolution
		Debug|Any CPU = Debug|Any CPU
		Release|Any CPU = Release|Any CPU
	EndGlobalSection
	GlobalSection(ProjectConfigurationPlatforms) = postSolution
		{2ECACE29-5199-4500-BFC2-DC69C785F940}.Debug|Any CPU.ActiveCfg = Debug|Any CPU
		{2ECACE29-5199-4500-BFC2-DC69C785F940}.Debug|Any CPU.Build.0 = Debug|Any CPU
		{2ECACE29-5199-4500-BFC2-DC69C785F940}.Release|Any CPU.ActiveCfg = Release|Any CPU
		{2ECACE29-5199-4500-BFC2-DC69C785F940}.Release|Any CPU.Build.0 = Release|Any CPU
		{94B3367A-4156-40C0-AB5D-850D4A7A3BEB}.Debug|Any CPU.ActiveCfg = Debug|Any CPU
		{94B3367A-4156-40C0-AB5D-850D4A7A3BEB}.Debug|Any CPU.Build.0 = Debug|Any CPU
		{94B3367A-4156-40C0-AB5D-850D4A7A3BEB}.Release|Any CPU.ActiveCfg = Release|Any CPU
		{94B3367A-4156-40C0-AB5D-850D4A7A3BEB}.Release|Any CPU.Build.0 = Release|Any CPU
		{0464CDA5-CDBC-41EB-A314-FA79D0E5B20B}.Debug|Any CPU.ActiveCfg = Debug|Any CPU
		{0464CDA5-CDBC-41EB-A314-FA79D0E5B20B}.Debug|Any CPU.Build.0 = Debug|Any CPU
		{0464CDA5-CDBC-41EB-A314-FA79D0E5B20B}.Release|Any CPU.ActiveCfg = Release|Any CPU
		{0464CDA5-CDBC-41EB-A314-FA79D0E5B20B}.Release|Any CPU.Build.0 = Release|Any CPU
		{3B293D48-2681-454E-BD93-AA28D988E215}.Debug|Any CPU.ActiveCfg = Debug|Any CPU
		{3B293D48-2681-454E-BD93-AA28D988E215}.Debug|Any CPU.Build.0 = Debug|Any CPU
		{3B293D48-2681-454E-BD93-AA28D988E215}.Release|Any CPU.ActiveCfg = Release|Any CPU
		{3B293D48-2681-454E-BD93-AA28D988E215}.Release|Any CPU.Build.0 = Release|Any CPU
	EndGlobalSection
	GlobalSection(SolutionProperties) = preSolution
		HideSolutionNode = FALSE
	EndGlobalSection
EndGlobal
