
Microsoft Visual Studio Solution File, Format Version 12.00
# Visual Studio 2012
Project("{FAE04EC0-301F-11D3-BF4B-00C04F79EFBC}") = "01.Services", "01.Services\01.Services.csproj", "{D2927CA6-8A8D-4DD1-9F19-A52026D6FFD1}"
EndProject
Project("{FAE04EC0-301F-11D3-BF4B-00C04F79EFBC}") = "02.StudentApp", "02.StudentApp\02.StudentApp.csproj", "{8BB5A7AD-3388-472D-B0CA-517A39705F8A}"
EndProject
Project("{FAE04EC0-301F-11D3-BF4B-00C04F79EFBC}") = "03.ComboBoxApp", "03.ComboBoxApp\03.ComboBoxApp.csproj", "{4279A83A-5E37-46E7-93C1-7A017E7393B6}"
EndProject
Project("{2150E333-8FDC-42A3-9474-1A3956D46DE8}") = ".nuget", ".nuget", "{EA3F2E59-17B2-429F-BF62-EC784574C0AA}"
	ProjectSection(SolutionItems) = preProject
		.nuget\NuGet.Config = .nuget\NuGet.Config
		.nuget\NuGet.exe = .nuget\NuGet.exe
		.nuget\NuGet.targets = .nuget\NuGet.targets
	EndProjectSection
EndProject
Global
	GlobalSection(SolutionConfigurationPlatforms) = preSolution
		Debug|Any CPU = Debug|Any CPU
		Release|Any CPU = Release|Any CPU
	EndGlobalSection
	GlobalSection(ProjectConfigurationPlatforms) = postSolution
		{D2927CA6-8A8D-4DD1-9F19-A52026D6FFD1}.Debug|Any CPU.ActiveCfg = Debug|Any CPU
		{D2927CA6-8A8D-4DD1-9F19-A52026D6FFD1}.Debug|Any CPU.Build.0 = Debug|Any CPU
		{D2927CA6-8A8D-4DD1-9F19-A52026D6FFD1}.Release|Any CPU.ActiveCfg = Release|Any CPU
		{D2927CA6-8A8D-4DD1-9F19-A52026D6FFD1}.Release|Any CPU.Build.0 = Release|Any CPU
		{8BB5A7AD-3388-472D-B0CA-517A39705F8A}.Debug|Any CPU.ActiveCfg = Debug|Any CPU
		{8BB5A7AD-3388-472D-B0CA-517A39705F8A}.Debug|Any CPU.Build.0 = Debug|Any CPU
		{8BB5A7AD-3388-472D-B0CA-517A39705F8A}.Release|Any CPU.ActiveCfg = Release|Any CPU
		{8BB5A7AD-3388-472D-B0CA-517A39705F8A}.Release|Any CPU.Build.0 = Release|Any CPU
		{4279A83A-5E37-46E7-93C1-7A017E7393B6}.Debug|Any CPU.ActiveCfg = Debug|Any CPU
		{4279A83A-5E37-46E7-93C1-7A017E7393B6}.Debug|Any CPU.Build.0 = Debug|Any CPU
		{4279A83A-5E37-46E7-93C1-7A017E7393B6}.Release|Any CPU.ActiveCfg = Release|Any CPU
		{4279A83A-5E37-46E7-93C1-7A017E7393B6}.Release|Any CPU.Build.0 = Release|Any CPU
	EndGlobalSection
	GlobalSection(SolutionProperties) = preSolution
		HideSolutionNode = FALSE
	EndGlobalSection
EndGlobal
