
Microsoft Visual Studio Solution File, Format Version 12.00
# Visual Studio 2013
VisualStudioVersion = 12.0.20623.1 VSUPREVIEW
MinimumVisualStudioVersion = 10.0.40219.1
Project("{FAE04EC0-301F-11D3-BF4B-00C04F79EFBC}") = "NameDisplay", "NameDisplay\NameDisplay.csproj", "{51515E39-19C5-4F21-A31D-3679F87D991D}"
EndProject
Project("{FAE04EC0-301F-11D3-BF4B-00C04F79EFBC}") = "AssemblyDisplay", "AssemblyDisplay\AssemblyDisplay.csproj", "{8C63C803-05B1-4AEC-8201-CEF366635DC2}"
EndProject
Project("{FAE04EC0-301F-11D3-BF4B-00C04F79EFBC}") = "PageLifecycle", "PageLifecycle\PageLifecycle.csproj", "{A3981F71-71F0-4083-83D3-D0AB05D1D94C}"
EndProject
Global
	GlobalSection(SolutionConfigurationPlatforms) = preSolution
		Debug|Any CPU = Debug|Any CPU
		Release|Any CPU = Release|Any CPU
	EndGlobalSection
	GlobalSection(ProjectConfigurationPlatforms) = postSolution
		{51515E39-19C5-4F21-A31D-3679F87D991D}.Debug|Any CPU.ActiveCfg = Debug|Any CPU
		{51515E39-19C5-4F21-A31D-3679F87D991D}.Debug|Any CPU.Build.0 = Debug|Any CPU
		{51515E39-19C5-4F21-A31D-3679F87D991D}.Release|Any CPU.ActiveCfg = Release|Any CPU
		{51515E39-19C5-4F21-A31D-3679F87D991D}.Release|Any CPU.Build.0 = Release|Any CPU
		{8C63C803-05B1-4AEC-8201-CEF366635DC2}.Debug|Any CPU.ActiveCfg = Debug|Any CPU
		{8C63C803-05B1-4AEC-8201-CEF366635DC2}.Debug|Any CPU.Build.0 = Debug|Any CPU
		{8C63C803-05B1-4AEC-8201-CEF366635DC2}.Release|Any CPU.ActiveCfg = Release|Any CPU
		{8C63C803-05B1-4AEC-8201-CEF366635DC2}.Release|Any CPU.Build.0 = Release|Any CPU
		{A3981F71-71F0-4083-83D3-D0AB05D1D94C}.Debug|Any CPU.ActiveCfg = Debug|Any CPU
		{A3981F71-71F0-4083-83D3-D0AB05D1D94C}.Debug|Any CPU.Build.0 = Debug|Any CPU
		{A3981F71-71F0-4083-83D3-D0AB05D1D94C}.Release|Any CPU.ActiveCfg = Release|Any CPU
		{A3981F71-71F0-4083-83D3-D0AB05D1D94C}.Release|Any CPU.Build.0 = Release|Any CPU
	EndGlobalSection
	GlobalSection(SolutionProperties) = preSolution
		HideSolutionNode = FALSE
	EndGlobalSection
EndGlobal
