
Microsoft Visual Studio Solution File, Format Version 12.00
# Visual Studio 2012
Project("{FAE04EC0-301F-11D3-BF4B-00C04F79EFBC}") = "01.App", "01.App\01.App.csproj", "{57803F12-5CF0-4BE2-B8F6-74E91216623E}"
EndProject
Project("{FAE04EC0-301F-11D3-BF4B-00C04F79EFBC}") = "02.Model.Classes", "02.Model.Classes\02.Model.Classes.csproj", "{801D74C4-2C2D-48D6-B9CB-67DA043318CC}"
EndProject
Project("{FAE04EC0-301F-11D3-BF4B-00C04F79EFBC}") = "03.Model.Data", "03.Model.Data\03.Model.Data.csproj", "{24D897E5-0834-425E-AF6C-0DD49BE89992}"
EndProject
Global
	GlobalSection(SolutionConfigurationPlatforms) = preSolution
		Debug|Any CPU = Debug|Any CPU
		Release|Any CPU = Release|Any CPU
	EndGlobalSection
	GlobalSection(ProjectConfigurationPlatforms) = postSolution
		{57803F12-5CF0-4BE2-B8F6-74E91216623E}.Debug|Any CPU.ActiveCfg = Debug|Any CPU
		{57803F12-5CF0-4BE2-B8F6-74E91216623E}.Debug|Any CPU.Build.0 = Debug|Any CPU
		{57803F12-5CF0-4BE2-B8F6-74E91216623E}.Release|Any CPU.ActiveCfg = Release|Any CPU
		{57803F12-5CF0-4BE2-B8F6-74E91216623E}.Release|Any CPU.Build.0 = Release|Any CPU
		{801D74C4-2C2D-48D6-B9CB-67DA043318CC}.Debug|Any CPU.ActiveCfg = Debug|Any CPU
		{801D74C4-2C2D-48D6-B9CB-67DA043318CC}.Debug|Any CPU.Build.0 = Debug|Any CPU
		{801D74C4-2C2D-48D6-B9CB-67DA043318CC}.Release|Any CPU.ActiveCfg = Release|Any CPU
		{801D74C4-2C2D-48D6-B9CB-67DA043318CC}.Release|Any CPU.Build.0 = Release|Any CPU
		{24D897E5-0834-425E-AF6C-0DD49BE89992}.Debug|Any CPU.ActiveCfg = Debug|Any CPU
		{24D897E5-0834-425E-AF6C-0DD49BE89992}.Debug|Any CPU.Build.0 = Debug|Any CPU
		{24D897E5-0834-425E-AF6C-0DD49BE89992}.Release|Any CPU.ActiveCfg = Release|Any CPU
		{24D897E5-0834-425E-AF6C-0DD49BE89992}.Release|Any CPU.Build.0 = Release|Any CPU
	EndGlobalSection
	GlobalSection(SolutionProperties) = preSolution
		HideSolutionNode = FALSE
	EndGlobalSection
EndGlobal
