
Microsoft Visual Studio Solution File, Format Version 12.00
# Visual Studio 2013
VisualStudioVersion = 12.0.20623.1 VSUPREVIEW
MinimumVisualStudioVersion = 10.0.40219.1
Project("{FAE04EC0-301F-11D3-BF4B-00C04F79EFBC}") = "Summator", "Summator\Summator.csproj", "{EC456052-B9B2-44DC-A00F-540D56F73F10}"
EndProject
Project("{FAE04EC0-301F-11D3-BF4B-00C04F79EFBC}") = "AddTextToImage", "AddTextToImage\AddTextToImage.csproj", "{F5D51FFE-A77D-4433-8049-9640F8EFC997}"
EndProject
Global
	GlobalSection(SolutionConfigurationPlatforms) = preSolution
		Debug|Any CPU = Debug|Any CPU
		Release|Any CPU = Release|Any CPU
	EndGlobalSection
	GlobalSection(ProjectConfigurationPlatforms) = postSolution
		{EC456052-B9B2-44DC-A00F-540D56F73F10}.Debug|Any CPU.ActiveCfg = Debug|Any CPU
		{EC456052-B9B2-44DC-A00F-540D56F73F10}.Debug|Any CPU.Build.0 = Debug|Any CPU
		{EC456052-B9B2-44DC-A00F-540D56F73F10}.Release|Any CPU.ActiveCfg = Release|Any CPU
		{EC456052-B9B2-44DC-A00F-540D56F73F10}.Release|Any CPU.Build.0 = Release|Any CPU
		{F5D51FFE-A77D-4433-8049-9640F8EFC997}.Debug|Any CPU.ActiveCfg = Debug|Any CPU
		{F5D51FFE-A77D-4433-8049-9640F8EFC997}.Debug|Any CPU.Build.0 = Debug|Any CPU
		{F5D51FFE-A77D-4433-8049-9640F8EFC997}.Release|Any CPU.ActiveCfg = Release|Any CPU
		{F5D51FFE-A77D-4433-8049-9640F8EFC997}.Release|Any CPU.Build.0 = Release|Any CPU
	EndGlobalSection
	GlobalSection(SolutionProperties) = preSolution
		HideSolutionNode = FALSE
	EndGlobalSection
EndGlobal
