
Microsoft Visual Studio Solution File, Format Version 12.00
# Visual Studio 2013
VisualStudioVersion = 12.0.20827.3
MinimumVisualStudioVersion = 10.0.40219.1
Project("{FAE04EC0-301F-11D3-BF4B-00C04F79EFBC}") = "01.Calculator", "01.Calculator\01.Calculator.csproj", "{11B92818-14A8-49ED-91BE-9621757387DA}"
EndProject
Project("{FAE04EC0-301F-11D3-BF4B-00C04F79EFBC}") = "02.InformationalApp", "02.InformationalApp\02.InformationalApp.csproj", "{10EA6670-3974-41E8-BB83-69C39258D7CD}"
EndProject
Project("{FAE04EC0-301F-11D3-BF4B-00C04F79EFBC}") = "03.CustomRouteConstraint", "03.CustomRouteConstraint\03.CustomRouteConstraint.csproj", "{BCF51C75-570F-4066-8907-42B51FC2A014}"
EndProject
Project("{2150E333-8FDC-42A3-9474-1A3956D46DE8}") = ".nuget", ".nuget", "{A78D7194-E758-40E8-83FC-8D985735DDBF}"
	ProjectSection(SolutionItems) = preProject
		.nuget\NuGet.Config = .nuget\NuGet.Config
		.nuget\NuGet.exe = .nuget\NuGet.exe
		.nuget\NuGet.targets = .nuget\NuGet.targets
	EndProjectSection
EndProject
Global
	GlobalSection(SolutionConfigurationPlatforms) = preSolution
		Debug|Any CPU = Debug|Any CPU
		Release|Any CPU = Release|Any CPU
	EndGlobalSection
	GlobalSection(ProjectConfigurationPlatforms) = postSolution
		{11B92818-14A8-49ED-91BE-9621757387DA}.Debug|Any CPU.ActiveCfg = Debug|Any CPU
		{11B92818-14A8-49ED-91BE-9621757387DA}.Debug|Any CPU.Build.0 = Debug|Any CPU
		{11B92818-14A8-49ED-91BE-9621757387DA}.Release|Any CPU.ActiveCfg = Release|Any CPU
		{11B92818-14A8-49ED-91BE-9621757387DA}.Release|Any CPU.Build.0 = Release|Any CPU
		{10EA6670-3974-41E8-BB83-69C39258D7CD}.Debug|Any CPU.ActiveCfg = Debug|Any CPU
		{10EA6670-3974-41E8-BB83-69C39258D7CD}.Debug|Any CPU.Build.0 = Debug|Any CPU
		{10EA6670-3974-41E8-BB83-69C39258D7CD}.Release|Any CPU.ActiveCfg = Release|Any CPU
		{10EA6670-3974-41E8-BB83-69C39258D7CD}.Release|Any CPU.Build.0 = Release|Any CPU
		{BCF51C75-570F-4066-8907-42B51FC2A014}.Debug|Any CPU.ActiveCfg = Debug|Any CPU
		{BCF51C75-570F-4066-8907-42B51FC2A014}.Debug|Any CPU.Build.0 = Debug|Any CPU
		{BCF51C75-570F-4066-8907-42B51FC2A014}.Release|Any CPU.ActiveCfg = Release|Any CPU
		{BCF51C75-570F-4066-8907-42B51FC2A014}.Release|Any CPU.Build.0 = Release|Any CPU
	EndGlobalSection
	GlobalSection(SolutionProperties) = preSolution
		HideSolutionNode = FALSE
	EndGlobalSection
EndGlobal
